github.com/Azure/azure-pipeline-go v0.2.1/go.mod h1:UGSo8XybXnIGZ3epmeBw7Jdz+HiUVpqIlpz/HKHylF4=
github.com/Azure/azure-pipeline-go v0.2.2 h1:6oiIS9yaG6XCCzhgAgKFfIWyo4LLCiDhZot6ltoThhY=
github.com/Azure/azure-pipeline-go v0.2.2/go.mod h1:4rQ/NZncSvGqNkkOsNpOU1tgoNuIlp9AfUH5G1tvCHc=
github.com/Azure/azure-storage-blob-go v0.8.0 h1:53qhf0Oxa0nOjgbDeeYPUeyiNmafAFEY95rZLK0Tj6o=
github.com/Azure/azure-storage-blob-go v0.8.0/go.mod h1:lPI3aLPpuLTeUwh1sViKXFxwl2B6teiRqI0deQUvsw0=
github.com/kr/pretty v0.1.0 h1:L/CwN0zerZDmRFUapSPitk6f+Q3+0za1rQkzVuMiMFI=
github.com/kr/pretty v0.1.0/go.mod h1:dAy3ld7l9f0ibDNOQOHHMYYIIbhfbHSm3C4ZsoJORNo=
github.com/kr/pty v1.1.1/go.mod h1:pFQYn66WHrOpPYNljwOMqo10TkYh1fy3cYio2l3bCsQ=
github.com/kr/text v0.1.0 h1:45sCR5RtlFHMR4UwH9sdQ5TC8v0qDQCHnXt+kaKSTVE=
github.com/kr/text v0.1.0/go.mod h1:4Jbv+DJW3UT/LiOwJeYQe1efqtUx/iVham/4vfdArNI=
github.com/mattn/go-ieproxy v0.0.0-20190610004146-91bb50d98149/go.mod h1:31jz6HNzdxOmlERGGEc4v/dMssOfmp2p5bT/okiKFFc=
github.com/mattn/go-ieproxy v0.0.0-20190702010315-6dee0af9227d h1:oNAwILwmgWKFpuU+dXvI6dl9jG2mAWAZLX3r9s0PPiw=
github.com/mattn/go-ieproxy v0.0.0-20190702010315-6dee0af9227d/go.mod h1:31jz6HNzdxOmlERGGEc4v/dMssOfmp2p5bT/okiKFFc=
gopkg.in/check.v1 v1.0.0-20180628173108-788fd7840127 h1:qIbj1fsPNlZgppZ+VLlY7N33q108Sa+fhmuc+sWQYwY=
gopkg.in/check.v1 v1.0.0-20180628173108-788fd7840127/go.mod h1:Co6ibVJAznAaIkqp8huTwlJQCZ016jof/cbN4VW5Yz0=
